
Microsoft Visual Studio Solution File, Format Version 12.00
# Visual Studio Version 17
VisualStudioVersion = 17.9.34728.123
MinimumVisualStudioVersion = 10.0.40219.1
Project("{9A19103F-16F7-4668-BE54-9A1E7A4F7556}") = "BiskfarmWebApp", "BiskfarmWebApp\BiskfarmWebApp.csproj", "{9A621672-5D74-45B8-A146-59DB7658C255}"
EndProject
Project("{9A19103F-16F7-4668-BE54-9A1E7A4F7556}") = "Biskfarm.DAL", "Biskfarm.DAL\Biskfarm.DAL.csproj", "{8BC7C99E-06BA-4111-B832-6A3671A01AD0}"
EndProject
Project("{FAE04EC0-301F-11D3-BF4B-00C04F79EFBC}") = "Biskfarm.Services", "Biskfarm.Services\Biskfarm.Services.csproj", "{2A0540A4-7195-4D7B-96B6-5AF064E17A30}"
EndProject
Global
	GlobalSection(SolutionConfigurationPlatforms) = preSolution
		Debug|Any CPU = Debug|Any CPU
		Release|Any CPU = Release|Any CPU
	EndGlobalSection
	GlobalSection(ProjectConfigurationPlatforms) = postSolution
		{9A621672-5D74-45B8-A146-59DB7658C255}.Debug|Any CPU.ActiveCfg = Debug|Any CPU
		{9A621672-5D74-45B8-A146-59DB7658C255}.Debug|Any CPU.Build.0 = Debug|Any CPU
		{9A621672-5D74-45B8-A146-59DB7658C255}.Release|Any CPU.ActiveCfg = Release|Any CPU
		{9A621672-5D74-45B8-A146-59DB7658C255}.Release|Any CPU.Build.0 = Release|Any CPU
		{8BC7C99E-06BA-4111-B832-6A3671A01AD0}.Debug|Any CPU.ActiveCfg = Debug|Any CPU
		{8BC7C99E-06BA-4111-B832-6A3671A01AD0}.Debug|Any CPU.Build.0 = Debug|Any CPU
		{8BC7C99E-06BA-4111-B832-6A3671A01AD0}.Release|Any CPU.ActiveCfg = Release|Any CPU
		{8BC7C99E-06BA-4111-B832-6A3671A01AD0}.Release|Any CPU.Build.0 = Release|Any CPU
		{2A0540A4-7195-4D7B-96B6-5AF064E17A30}.Debug|Any CPU.ActiveCfg = Debug|Any CPU
		{2A0540A4-7195-4D7B-96B6-5AF064E17A30}.Debug|Any CPU.Build.0 = Debug|Any CPU
		{2A0540A4-7195-4D7B-96B6-5AF064E17A30}.Release|Any CPU.ActiveCfg = Release|Any CPU
		{2A0540A4-7195-4D7B-96B6-5AF064E17A30}.Release|Any CPU.Build.0 = Release|Any CPU
	EndGlobalSection
	GlobalSection(SolutionProperties) = preSolution
		HideSolutionNode = FALSE
	EndGlobalSection
	GlobalSection(ExtensibilityGlobals) = postSolution
		SolutionGuid = {F057096C-8F68-40A5-B31E-E830DBDC3BC9}
	EndGlobalSection
EndGlobal
